
Microsoft Visual Studio Solution File, Format Version 12.00
# Visual Studio 14
VisualStudioVersion = 14.0.25420.1
MinimumVisualStudioVersion = 10.0.40219.1
Project("{2150E333-8FDC-42A3-9474-1A3956D46DE8}") = "src", "src", "{0BEB2B18-20B8-4C88-B4EB-DA010652574B}"
EndProject
Project("{2150E333-8FDC-42A3-9474-1A3956D46DE8}") = "Solution Items", "Solution Items", "{7D64D0A5-5CD3-45EA-BF52-11EEF58C93A2}"
	ProjectSection(SolutionItems) = preProject
		..\CHANGELOG.md = ..\CHANGELOG.md
		global.json = global.json
		..\README.md = ..\README.md
	EndProjectSection
EndProject
Project("{8BB2217D-0F2D-49D1-97BC-3654ED321F3B}") = "DonutSync", "src\DonutSync\DonutSync.xproj", "{3619BB87-26A9-4431-89CD-4EE48FD7D864}"
EndProject
Project("{8BB2217D-0F2D-49D1-97BC-3654ED321F3B}") = "DonutSync.PeerClient", "src\DonutSync.PeerClient\DonutSync.PeerClient.xproj", "{934E5001-FF5A-4FB5-A290-DD503F9144AF}"
EndProject
Global
	GlobalSection(SolutionConfigurationPlatforms) = preSolution
		Debug|Any CPU = Debug|Any CPU
		Release|Any CPU = Release|Any CPU
	EndGlobalSection
	GlobalSection(ProjectConfigurationPlatforms) = postSolution
		{3619BB87-26A9-4431-89CD-4EE48FD7D864}.Debug|Any CPU.ActiveCfg = Debug|Any CPU
		{3619BB87-26A9-4431-89CD-4EE48FD7D864}.Debug|Any CPU.Build.0 = Debug|Any CPU
		{3619BB87-26A9-4431-89CD-4EE48FD7D864}.Release|Any CPU.ActiveCfg = Release|Any CPU
		{3619BB87-26A9-4431-89CD-4EE48FD7D864}.Release|Any CPU.Build.0 = Release|Any CPU
		{934E5001-FF5A-4FB5-A290-DD503F9144AF}.Debug|Any CPU.ActiveCfg = Debug|Any CPU
		{934E5001-FF5A-4FB5-A290-DD503F9144AF}.Debug|Any CPU.Build.0 = Debug|Any CPU
		{934E5001-FF5A-4FB5-A290-DD503F9144AF}.Release|Any CPU.ActiveCfg = Release|Any CPU
		{934E5001-FF5A-4FB5-A290-DD503F9144AF}.Release|Any CPU.Build.0 = Release|Any CPU
	EndGlobalSection
	GlobalSection(SolutionProperties) = preSolution
		HideSolutionNode = FALSE
	EndGlobalSection
	GlobalSection(NestedProjects) = preSolution
		{3619BB87-26A9-4431-89CD-4EE48FD7D864} = {0BEB2B18-20B8-4C88-B4EB-DA010652574B}
		{934E5001-FF5A-4FB5-A290-DD503F9144AF} = {0BEB2B18-20B8-4C88-B4EB-DA010652574B}
	EndGlobalSection
EndGlobal
